// !$*UTF8*$!
{
	archiveVersion = 1;
	classes = {
	};
	objectVersion = 46;
	objects = {

/* Begin PBXBuildFile section */
		24295AEB1DE8B02D00305A77 /* AppDelegate.swift in Sources */ = {isa = PBXBuildFile; fileRef = 24295AEA1DE8B02D00305A77 /* AppDelegate.swift */; };
		24295AED1DE8B02D00305A77 /* ViewController.swift in Sources */ = {isa = PBXBuildFile; fileRef = 24295AEC1DE8B02D00305A77 /* ViewController.swift */; };
		24295AF01DE8B02D00305A77 /* Main.storyboard in Resources */ = {isa = PBXBuildFile; fileRef = 24295AEE1DE8B02D00305A77 /* Main.storyboard */; };
		24295AF21DE8B02D00305A77 /* Assets.xcassets in Resources */ = {isa = PBXBuildFile; fileRef = 24295AF11DE8B02D00305A77 /* Assets.xcassets */; };
		24295AF51DE8B02D00305A77 /* LaunchScreen.storyboard in Resources */ = {isa = PBXBuildFile; fileRef = 24295AF31DE8B02D00305A77 /* LaunchScreen.storyboard */; };
/* End PBXBuildFile section */

/* Begin PBXFileReference section */
		24295AE71DE8B02D00305A77 /* MakeIt.app */ = {isa = PBXFileReference; explicitFileType = wrapper.application; includeInIndex = 0; path = MakeIt.app; sourceTree = BUILT_PRODUCTS_DIR; };
		24295AEA1DE8B02D00305A77 /* AppDelegate.swift */ = {isa = PBXFileReference; lastKnownFileType = sourcecode.swift; path = AppDelegate.swift; sourceTree = "<group>"; };
		24295AEC1DE8B02D00305A77 /* ViewController.swift */ = {isa = PBXFileReference; lastKnownFileType = sourcecode.swift; path = ViewController.swift; sourceTree = "<group>"; };
		24295AEF1DE8B02D00305A77 /* Base */ = {isa = PBXFileReference; lastKnownFileType = file.storyboard; name = Base; path = Base.lproj/Main.storyboard; sourceTree = "<group>"; };
		24295AF11DE8B02D00305A77 /* Assets.xcassets */ = {isa = PBXFileReference; lastKnownFileType = folder.assetcatalog; path = Assets.xcassets; sourceTree = "<group>"; };
		24295AF41DE8B02D00305A77 /* Base */ = {isa = PBXFileReference; lastKnownFileType = file.storyboard; name = Base; path = Base.lproj/LaunchScreen.storyboard; sourceTree = "<group>"; };
		24295AF61DE8B02D00305A77 /* Info.plist */ = {isa = PBXFileReference; lastKnownFileType = text.plist.xml; path = Info.plist; sourceTree = "<group>"; };
/* End PBXFileReference section */

/* Begin PBXFrameworksBuildPhase section */
		24295AE41DE8B02D00305A77 /* Frameworks */ = {
			isa = PBXFrameworksBuildPhase;
			buildActionMask = 2147483647;
			files = (
			);
			runOnlyForDeploymentPostprocessing = 0;
		};
/* End PBXFrameworksBuildPhase section */

/* Begin PBXGroup section */
		24295ADE1DE8B02C00305A77 = {
			isa = PBXGroup;
			children = (
				24295AE91DE8B02D00305A77 /* MakeIt */,
				24295AE81DE8B02D00305A77 /* Products */,
			);
			sourceTree = "<group>";
		};
		24295AE81DE8B02D00305A77 /* Products */ = {
			isa = PBXGroup;
			children = (
				24295AE71DE8B02D00305A77 /* MakeIt.app */,
			);
			name = Products;
			sourceTree = "<group>";
		};
		24295AE91DE8B02D00305A77 /* MakeIt */ = {
			isa = PBXGroup;
			children = (
				24295AEA1DE8B02D00305A77 /* AppDelegate.swift */,
				24295AEC1DE8B02D00305A77 /* ViewController.swift */,
				24295AEE1DE8B02D00305A77 /* Main.storyboard */,
				24295AF11DE8B02D00305A77 /* Assets.xcassets */,
				24295AF31DE8B02D00305A77 /* LaunchScreen.storyboard */,
				24295AF61DE8B02D00305A77 /* Info.plist */,
			);
			path = MakeIt;
			sourceTree = "<group>";
		};
/* End PBXGroup section */

/* Begin PBXNativeTarget section */
		24295AE61DE8B02D00305A77 /* MakeIt */ = {
			isa = PBXNativeTarget;
			buildConfigurationList = 24295AF91DE8B02D00305A77 /* Build configuration list for PBXNativeTarget "MakeIt" */;
			buildPhases = (
				24295AE31DE8B02D00305A77 /* Sources */,
				24295AE41DE8B02D00305A77 /* Frameworks */,
				24295AE51DE8B02D00305A77 /* Resources */,
			);
			buildRules = (
			);
			dependencies = (
			);
			name = MakeIt;
			productName = MakeIt;
			productReference = 24295AE71DE8B02D00305A77 /* MakeIt.app */;
			productType = "com.apple.product-type.application";
		};
/* End PBXNativeTarget section */

/* Begin PBXProject section */
		24295ADF1DE8B02C00305A77 /* Project object */ = {
			isa = PBXProject;
			attributes = {
				LastSwiftUpdateCheck = 0810;
				LastUpgradeCheck = 0810;
				ORGANIZATIONNAME = CyberDollarBoys;
				TargetAttributes = {
					24295AE61DE8B02D00305A77 = {
						CreatedOnToolsVersion = 8.1;
						DevelopmentTeam = T8UAACHU7B;
						ProvisioningStyle = Automatic;
					};
				};
			};
			buildConfigurationList = 24295AE21DE8B02C00305A77 /* Build configuration list for PBXProject "MakeIt" */;
			compatibilityVersion = "Xcode 3.2";
			developmentRegion = English;
			hasScannedForEncodings = 0;
			knownRegions = (
				en,
				Base,
			);
			mainGroup = 24295ADE1DE8B02C00305A77;
			productRefGroup = 24295AE81DE8B02D00305A77 /* Products */;
			projectDirPath = "";
			projectRoot = "";
			targets = (
				24295AE61DE8B02D00305A77 /* MakeIt */,
			);
		};
/* End PBXProject section */

/* Begin PBXResourcesBuildPhase section */
		24295AE51DE8B02D00305A77 /* Resources */ = {
			isa = PBXResourcesBuildPhase;
			buildActionMask = 2147483647;
			files = (
				24295AF51DE8B02D00305A77 /* LaunchScreen.storyboard in Resources */,
				24295AF21DE8B02D00305A77 /* Assets.xcassets in Resources */,
				24295AF01DE8B02D00305A77 /* Main.storyboard in Resources */,
			);
			runOnlyForDeploymentPostprocessing = 0;
		};
/* End PBXResourcesBuildPhase section */

/* Begin PBXSourcesBuildPhase section */
		24295AE31DE8B02D00305A77 /* Sources */ = {
			isa = PBXSourcesBuildPhase;
			buildActionMask = 2147483647;
			files = (
				24295AED1DE8B02D00305A77 /* ViewController.swift in Sources */,
				24295AEB1DE8B02D00305A77 /* AppDelegate.swift in Sources */,
			);
			runOnlyForDeploymentPostprocessing = 0;
		};
/* End PBXSourcesBuildPhase section */

/* Begin PBXVariantGroup section */
		24295AEE1DE8B02D00305A77 /* Main.storyboard */ = {
			isa = PBXVariantGroup;
			children = (
				24295AEF1DE8B02D00305A77 /* Base */,
			);
			name = Main.storyboard;
			sourceTree = "<group>";
		};
		24295AF31DE8B02D00305A77 /* LaunchScreen.storyboard */ = {
			isa = PBXVariantGroup;
			children = (
				24295AF41DE8B02D00305A77 /* Base */,
			);
			name = LaunchScreen.storyboard;
			sourceTree = "<group>";
		};
/* End PBXVariantGroup section */

/* Begin XCBuildConfiguration section */
		24295AF71DE8B02D00305A77 /* Debug */ = {
			isa = XCBuildConfiguration;
			buildSettings = {
				ALWAYS_SEARCH_USER_PATHS = NO;
				CLANG_ANALYZER_NONNULL = YES;
				CLANG_CXX_LANGUAGE_STANDARD = "gnu++0x";
				CLANG_CXX_LIBRARY = "libc++";
				CLANG_ENABLE_MODULES = YES;
				CLANG_ENABLE_OBJC_ARC = YES;
				CLANG_WARN_BOOL_CONVERSION = YES;
				CLANG_WARN_CONSTANT_CONVERSION = YES;
				CLANG_WARN_DIRECT_OBJC_ISA_USAGE = YES_ERROR;
				CLANG_WARN_DOCUMENTATION_COMMENTS = YES;
				CLANG_WARN_EMPTY_BODY = YES;
				CLANG_WARN_ENUM_CONVERSION = YES;
				CLANG_WARN_INFINITE_RECURSION = YES;
				CLANG_WARN_INT_CONVERSION = YES;
				CLANG_WARN_OBJC_ROOT_CLASS = YES_ERROR;
				CLANG_WARN_SUSPICIOUS_MOVES = YES;
				CLANG_WARN_UNREACHABLE_CODE = YES;
				CLANG_WARN__DUPLICATE_METHOD_MATCH = YES;
				"CODE_SIGN_IDENTITY[sdk=iphoneos*]" = "iPhone Developer";
				COPY_PHASE_STRIP = NO;
				DEBUG_INFORMATION_FORMAT = dwarf;
				ENABLE_STRICT_OBJC_MSGSEND = YES;
				ENABLE_TESTABILITY = YES;
				GCC_C_LANGUAGE_STANDARD = gnu99;
				GCC_DYNAMIC_NO_PIC = NO;
				GCC_NO_COMMON_BLOCKS = YES;
				GCC_OPTIMIZATION_LEVEL = 0;
				GCC_PREPROCESSOR_DEFINITIONS = (
					"DEBUG=1",
					"$(inherited)",
				);
				GCC_WARN_64_TO_32_BIT_CONVERSION = YES;
				GCC_WARN_ABOUT_RETURN_TYPE = YES_ERROR;
				GCC_WARN_UNDECLARED_SELECTOR = YES;
				GCC_WARN_UNINITIALIZED_AUTOS = YES_AGGRESSIVE;
				GCC_WARN_UNUSED_FUNCTION = YES;
				GCC_WARN_UNUSED_VARIABLE = YES;
				IPHONEOS_DEPLOYMENT_TARGET = 10.1;
				MTL_ENABLE_DEBUG_INFO = YES;
				ONLY_ACTIVE_ARCH = YES;
				SDKROOT = iphoneos;
				SWIFT_ACTIVE_COMPILATION_CONDITIONS = DEBUG;
				SWIFT_OPTIMIZATION_LEVEL = "-Onone";
			};
			name = Debug;
		};
		24295AF81DE8B02D00305A77 /* Release */ = {
			isa = XCBuildConfiguration;
			buildSettings = {
				ALWAYS_SEARCH_USER_PATHS = NO;
				CLANG_ANALYZER_NONNULL = YES;
				CLANG_CXX_LANGUAGE_STANDARD = "gnu++0x";
				CLANG_CXX_LIBRARY = "libc++";
				CLANG_ENABLE_MODULES = YES;
				CLANG_ENABLE_OBJC_ARC = YES;
				CLANG_WARN_BOOL_CONVERSION = YES;
				CLANG_WARN_CONSTANT_CONVERSION = YES;
				CLANG_WARN_DIRECT_OBJC_ISA_USAGE = YES_ERROR;
				CLANG_WARN_DOCUMENTATION_COMMENTS = YES;
				CLANG_WARN_EMPTY_BODY = YES;
				CLANG_WARN_ENUM_CONVERSION = YES;
				CLANG_WARN_INFINITE_RECURSION = YES;
				CLANG_WARN_INT_CONVERSION = YES;
				CLANG_WARN_OBJC_ROOT_CLASS = YES_ERROR;
				CLANG_WARN_SUSPICIOUS_MOVES = YES;
				CLANG_WARN_UNREACHABLE_CODE = YES;
				CLANG_WARN__DUPLICATE_METHOD_MATCH = YES;
				"CODE_SIGN_IDENTITY[sdk=iphoneos*]" = "iPhone Developer";
				COPY_PHASE_STRIP = NO;
				DEBUG_INFORMATION_FORMAT = "dwarf-with-dsym";
				ENABLE_NS_ASSERTIONS = NO;
				ENABLE_STRICT_OBJC_MSGSEND = YES;
				GCC_C_LANGUAGE_STANDARD = gnu99;
				GCC_NO_COMMON_BLOCKS = YES;
				GCC_WARN_64_TO_32_BIT_CONVERSION = YES;
				GCC_WARN_ABOUT_RETURN_TYPE = YES_ERROR;
				GCC_WARN_UNDECLARED_SELECTOR = YES;
				GCC_WARN_UNINITIALIZED_AUTOS = YES_AGGRESSIVE;
				GCC_WARN_UNUSED_FUNCTION = YES;
				GCC_WARN_UNUSED_VARIABLE = YES;
				IPHONEOS_DEPLOYMENT_TARGET = 10.1;
				MTL_ENABLE_DEBUG_INFO = NO;
				SDKROOT = iphoneos;
				SWIFT_OPTIMIZATION_LEVEL = "-Owholemodule";
				VALIDATE_PRODUCT = YES;
			};
			name = Release;
		};
		24295AFA1DE8B02D00305A77 /* Debug */ = {
			isa = XCBuildConfiguration;
			buildSettings = {
				ASSETCATALOG_COMPILER_APPICON_NAME = AppIcon;
				DEVELOPMENT_TEAM = T8UAACHU7B;
				INFOPLIST_FILE = MakeIt/Info.plist;
				LD_RUNPATH_SEARCH_PATHS = "$(inherited) @executable_path/Frameworks";
				PRODUCT_BUNDLE_IDENTIFIER = com.cdb.MakeIt;
				PRODUCT_NAME = "$(TARGET_NAME)";
				SWIFT_VERSION = 3.0;
			};
			name = Debug;
		};
		24295AFB1DE8B02D00305A77 /* Release */ = {
			isa = XCBuildConfiguration;
			buildSettings = {
				ASSETCATALOG_COMPILER_APPICON_NAME = AppIcon;
				DEVELOPMENT_TEAM = T8UAACHU7B;
				INFOPLIST_FILE = MakeIt/Info.plist;
				LD_RUNPATH_SEARCH_PATHS = "$(inherited) @executable_path/Frameworks";
				PRODUCT_BUNDLE_IDENTIFIER = com.cdb.MakeIt;
				PRODUCT_NAME = "$(TARGET_NAME)";
				SWIFT_VERSION = 3.0;
			};
			name = Release;
		};
/* End XCBuildConfiguration section */

/* Begin XCConfigurationList section */
		24295AE21DE8B02C00305A77 /* Build configuration list for PBXProject "MakeIt" */ = {
			isa = XCConfigurationList;
			buildConfigurations = (
				24295AF71DE8B02D00305A77 /* Debug */,
				24295AF81DE8B02D00305A77 /* Release */,
			);
			defaultConfigurationIsVisible = 0;
			defaultConfigurationName = Release;
		};
		24295AF91DE8B02D00305A77 /* Build configuration list for PBXNativeTarget "MakeIt" */ = {
			isa = XCConfigurationList;
			buildConfigurations = (
				24295AFA1DE8B02D00305A77 /* Debug */,
				24295AFB1DE8B02D00305A77 /* Release */,
			);
			defaultConfigurationIsVisible = 0;
		};
/* End XCConfigurationList section */
	};
	rootObject = 24295ADF1DE8B02C00305A77 /* Project object */;
}
